
Microsoft Visual Studio Solution File, Format Version 12.00
# Visual Studio Version 17
VisualStudioVersion = 17.0.31903.59
MinimumVisualStudioVersion = 10.0.40219.1
Project("{2150E333-8FDC-42A3-9474-1A3956D46DE8}") = "src", "src", "{827E0CD3-B72D-47B6-A68D-7590B98EB39B}"
EndProject
Project("{FAE04EC0-301F-11D3-BF4B-00C04F79EFBC}") = "AIOffice.Core", "src\AIOffice.Core\AIOffice.Core.csproj", "{A665F173-8577-40A7-BB1A-1EEEB0C9F558}"
EndProject
Project("{FAE04EC0-301F-11D3-BF4B-00C04F79EFBC}") = "AIOffice.Word", "src\AIOffice.Word\AIOffice.Word.csproj", "{05ECA752-71A2-4BD8-9F53-79AEBBCCBC95}"
EndProject
Project("{FAE04EC0-301F-11D3-BF4B-00C04F79EFBC}") = "AIOffice.Excel", "src\AIOffice.Excel\AIOffice.Excel.csproj", "{FEFCAB1B-4525-45DC-8AF1-BD0F2B106CD9}"
EndProject
Project("{FAE04EC0-301F-11D3-BF4B-00C04F79EFBC}") = "AIOffice.Pptx", "src\AIOffice.Pptx\AIOffice.Pptx.csproj", "{797129B7-6F84-4FBB-BA58-791AE57E88FF}"
EndProject
Project("{FAE04EC0-301F-11D3-BF4B-00C04F79EFBC}") = "AIOffice.Mcp", "src\AIOffice.Mcp\AIOffice.Mcp.csproj", "{8D6ABEBB-FA9F-4B2D-BAA1-BD53C310012C}"
EndProject
Project("{FAE04EC0-301F-11D3-BF4B-00C04F79EFBC}") = "AIOffice.Cli", "src\AIOffice.Cli\AIOffice.Cli.csproj", "{B9DD8EDD-EAC5-4FC4-AB2A-485920D4123A}"
EndProject
Project("{2150E333-8FDC-42A3-9474-1A3956D46DE8}") = "tests", "tests", "{0AB3BF05-4346-4AA6-1389-037BE0695223}"
EndProject
Project("{FAE04EC0-301F-11D3-BF4B-00C04F79EFBC}") = "AIOffice.Core.Tests", "tests\AIOffice.Core.Tests\AIOffice.Core.Tests.csproj", "{181F8BAF-C9C7-4995-A56C-E8D54B47045A}"
EndProject
Project("{FAE04EC0-301F-11D3-BF4B-00C04F79EFBC}") = "AIOffice.Word.Tests", "tests\AIOffice.Word.Tests\AIOffice.Word.Tests.csproj", "{262BC51B-C848-4A6D-A89E-2BEC379D320B}"
EndProject
Project("{FAE04EC0-301F-11D3-BF4B-00C04F79EFBC}") = "AIOffice.Excel.Tests", "tests\AIOffice.Excel.Tests\AIOffice.Excel.Tests.csproj", "{D92ED1FF-2A84-42E8-BC4F-B81EAF1B5567}"
EndProject
Project("{FAE04EC0-301F-11D3-BF4B-00C04F79EFBC}") = "AIOffice.Pptx.Tests", "tests\AIOffice.Pptx.Tests\AIOffice.Pptx.Tests.csproj", "{BE6E2517-F163-4690-936C-CE95BB9554A8}"
EndProject
Project("{FAE04EC0-301F-11D3-BF4B-00C04F79EFBC}") = "AIOffice.Mcp.Tests", "tests\AIOffice.Mcp.Tests\AIOffice.Mcp.Tests.csproj", "{C5F9A659-F179-47A7-8763-3DB2557054B7}"
EndProject
Project("{FAE04EC0-301F-11D3-BF4B-00C04F79EFBC}") = "AIOffice.Render", "src\AIOffice.Render\AIOffice.Render.csproj", "{88FA6284-5DEA-4886-992D-AA76AB57BB82}"
EndProject
Project("{FAE04EC0-301F-11D3-BF4B-00C04F79EFBC}") = "AIOffice.Preview", "src\AIOffice.Preview\AIOffice.Preview.csproj", "{6E1EE526-E0BB-4259-BCE0-2E5C6EE8C529}"
EndProject
Project("{FAE04EC0-301F-11D3-BF4B-00C04F79EFBC}") = "AIOffice.Render.Tests", "tests\AIOffice.Render.Tests\AIOffice.Render.Tests.csproj", "{47E7E9F9-48E4-4AD5-9C63-3806861CD0CF}"
EndProject
Project("{FAE04EC0-301F-11D3-BF4B-00C04F79EFBC}") = "AIOffice.Preview.Tests", "tests\AIOffice.Preview.Tests\AIOffice.Preview.Tests.csproj", "{CFA08095-C4FD-4766-9732-7862893B3C64}"
EndProject
Global
	GlobalSection(SolutionConfigurationPlatforms) = preSolution
		Debug|Any CPU = Debug|Any CPU
		Debug|x64 = Debug|x64
		Debug|x86 = Debug|x86
		Release|Any CPU = Release|Any CPU
		Release|x64 = Release|x64
		Release|x86 = Release|x86
	EndGlobalSection
	GlobalSection(ProjectConfigurationPlatforms) = postSolution
		{A665F173-8577-40A7-BB1A-1EEEB0C9F558}.Debug|Any CPU.ActiveCfg = Debug|Any CPU
		{A665F173-8577-40A7-BB1A-1EEEB0C9F558}.Debug|Any CPU.Build.0 = Debug|Any CPU
		{A665F173-8577-40A7-BB1A-1EEEB0C9F558}.Debug|x64.ActiveCfg = Debug|Any CPU
		{A665F173-8577-40A7-BB1A-1EEEB0C9F558}.Debug|x64.Build.0 = Debug|Any CPU
		{A665F173-8577-40A7-BB1A-1EEEB0C9F558}.Debug|x86.ActiveCfg = Debug|Any CPU
		{A665F173-8577-40A7-BB1A-1EEEB0C9F558}.Debug|x86.Build.0 = Debug|Any CPU
		{A665F173-8577-40A7-BB1A-1EEEB0C9F558}.Release|Any CPU.ActiveCfg = Release|Any CPU
		{A665F173-8577-40A7-BB1A-1EEEB0C9F558}.Release|Any CPU.Build.0 = Release|Any CPU
		{A665F173-8577-40A7-BB1A-1EEEB0C9F558}.Release|x64.ActiveCfg = Release|Any CPU
		{A665F173-8577-40A7-BB1A-1EEEB0C9F558}.Release|x64.Build.0 = Release|Any CPU
		{A665F173-8577-40A7-BB1A-1EEEB0C9F558}.Release|x86.ActiveCfg = Release|Any CPU
		{A665F173-8577-40A7-BB1A-1EEEB0C9F558}.Release|x86.Build.0 = Release|Any CPU
		{05ECA752-71A2-4BD8-9F53-79AEBBCCBC95}.Debug|Any CPU.ActiveCfg = Debug|Any CPU
		{05ECA752-71A2-4BD8-9F53-79AEBBCCBC95}.Debug|Any CPU.Build.0 = Debug|Any CPU
		{05ECA752-71A2-4BD8-9F53-79AEBBCCBC95}.Debug|x64.ActiveCfg = Debug|Any CPU
		{05ECA752-71A2-4BD8-9F53-79AEBBCCBC95}.Debug|x64.Build.0 = Debug|Any CPU
		{05ECA752-71A2-4BD8-9F53-79AEBBCCBC95}.Debug|x86.ActiveCfg = Debug|Any CPU
		{05ECA752-71A2-4BD8-9F53-79AEBBCCBC95}.Debug|x86.Build.0 = Debug|Any CPU
		{05ECA752-71A2-4BD8-9F53-79AEBBCCBC95}.Release|Any CPU.ActiveCfg = Release|Any CPU
		{05ECA752-71A2-4BD8-9F53-79AEBBCCBC95}.Release|Any CPU.Build.0 = Release|Any CPU
		{05ECA752-71A2-4BD8-9F53-79AEBBCCBC95}.Release|x64.ActiveCfg = Release|Any CPU
		{05ECA752-71A2-4BD8-9F53-79AEBBCCBC95}.Release|x64.Build.0 = Release|Any CPU
		{05ECA752-71A2-4BD8-9F53-79AEBBCCBC95}.Release|x86.ActiveCfg = Release|Any CPU
		{05ECA752-71A2-4BD8-9F53-79AEBBCCBC95}.Release|x86.Build.0 = Release|Any CPU
		{FEFCAB1B-4525-45DC-8AF1-BD0F2B106CD9}.Debug|Any CPU.ActiveCfg = Debug|Any CPU
		{FEFCAB1B-4525-45DC-8AF1-BD0F2B106CD9}.Debug|Any CPU.Build.0 = Debug|Any CPU
		{FEFCAB1B-4525-45DC-8AF1-BD0F2B106CD9}.Debug|x64.ActiveCfg = Debug|Any CPU
		{FEFCAB1B-4525-45DC-8AF1-BD0F2B106CD9}.Debug|x64.Build.0 = Debug|Any CPU
		{FEFCAB1B-4525-45DC-8AF1-BD0F2B106CD9}.Debug|x86.ActiveCfg = Debug|Any CPU
		{FEFCAB1B-4525-45DC-8AF1-BD0F2B106CD9}.Debug|x86.Build.0 = Debug|Any CPU
		{FEFCAB1B-4525-45DC-8AF1-BD0F2B106CD9}.Release|Any CPU.ActiveCfg = Release|Any CPU
		{FEFCAB1B-4525-45DC-8AF1-BD0F2B106CD9}.Release|Any CPU.Build.0 = Release|Any CPU
		{FEFCAB1B-4525-45DC-8AF1-BD0F2B106CD9}.Release|x64.ActiveCfg = Release|Any CPU
		{FEFCAB1B-4525-45DC-8AF1-BD0F2B106CD9}.Release|x64.Build.0 = Release|Any CPU
		{FEFCAB1B-4525-45DC-8AF1-BD0F2B106CD9}.Release|x86.ActiveCfg = Release|Any CPU
		{FEFCAB1B-4525-45DC-8AF1-BD0F2B106CD9}.Release|x86.Build.0 = Release|Any CPU
		{797129B7-6F84-4FBB-BA58-791AE57E88FF}.Debug|Any CPU.ActiveCfg = Debug|Any CPU
		{797129B7-6F84-4FBB-BA58-791AE57E88FF}.Debug|Any CPU.Build.0 = Debug|Any CPU
		{797129B7-6F84-4FBB-BA58-791AE57E88FF}.Debug|x64.ActiveCfg = Debug|Any CPU
		{797129B7-6F84-4FBB-BA58-791AE57E88FF}.Debug|x64.Build.0 = Debug|Any CPU
		{797129B7-6F84-4FBB-BA58-791AE57E88FF}.Debug|x86.ActiveCfg = Debug|Any CPU
		{797129B7-6F84-4FBB-BA58-791AE57E88FF}.Debug|x86.Build.0 = Debug|Any CPU
		{797129B7-6F84-4FBB-BA58-791AE57E88FF}.Release|Any CPU.ActiveCfg = Release|Any CPU
		{797129B7-6F84-4FBB-BA58-791AE57E88FF}.Release|Any CPU.Build.0 = Release|Any CPU
		{797129B7-6F84-4FBB-BA58-791AE57E88FF}.Release|x64.ActiveCfg = Release|Any CPU
		{797129B7-6F84-4FBB-BA58-791AE57E88FF}.Release|x64.Build.0 = Release|Any CPU
		{797129B7-6F84-4FBB-BA58-791AE57E88FF}.Release|x86.ActiveCfg = Release|Any CPU
		{797129B7-6F84-4FBB-BA58-791AE57E88FF}.Release|x86.Build.0 = Release|Any CPU
		{8D6ABEBB-FA9F-4B2D-BAA1-BD53C310012C}.Debug|Any CPU.ActiveCfg = Debug|Any CPU
		{8D6ABEBB-FA9F-4B2D-BAA1-BD53C310012C}.Debug|Any CPU.Build.0 = Debug|Any CPU
		{8D6ABEBB-FA9F-4B2D-BAA1-BD53C310012C}.Debug|x64.ActiveCfg = Debug|Any CPU
		{8D6ABEBB-FA9F-4B2D-BAA1-BD53C310012C}.Debug|x64.Build.0 = Debug|Any CPU
		{8D6ABEBB-FA9F-4B2D-BAA1-BD53C310012C}.Debug|x86.ActiveCfg = Debug|Any CPU
		{8D6ABEBB-FA9F-4B2D-BAA1-BD53C310012C}.Debug|x86.Build.0 = Debug|Any CPU
		{8D6ABEBB-FA9F-4B2D-BAA1-BD53C310012C}.Release|Any CPU.ActiveCfg = Release|Any CPU
		{8D6ABEBB-FA9F-4B2D-BAA1-BD53C310012C}.Release|Any CPU.Build.0 = Release|Any CPU
		{8D6ABEBB-FA9F-4B2D-BAA1-BD53C310012C}.Release|x64.ActiveCfg = Release|Any CPU
		{8D6ABEBB-FA9F-4B2D-BAA1-BD53C310012C}.Release|x64.Build.0 = Release|Any CPU
		{8D6ABEBB-FA9F-4B2D-BAA1-BD53C310012C}.Release|x86.ActiveCfg = Release|Any CPU
		{8D6ABEBB-FA9F-4B2D-BAA1-BD53C310012C}.Release|x86.Build.0 = Release|Any CPU
		{B9DD8EDD-EAC5-4FC4-AB2A-485920D4123A}.Debug|Any CPU.ActiveCfg = Debug|Any CPU
		{B9DD8EDD-EAC5-4FC4-AB2A-485920D4123A}.Debug|Any CPU.Build.0 = Debug|Any CPU
		{B9DD8EDD-EAC5-4FC4-AB2A-485920D4123A}.Debug|x64.ActiveCfg = Debug|Any CPU
		{B9DD8EDD-EAC5-4FC4-AB2A-485920D4123A}.Debug|x64.Build.0 = Debug|Any CPU
		{B9DD8EDD-EAC5-4FC4-AB2A-485920D4123A}.Debug|x86.ActiveCfg = Debug|Any CPU
		{B9DD8EDD-EAC5-4FC4-AB2A-485920D4123A}.Debug|x86.Build.0 = Debug|Any CPU
		{B9DD8EDD-EAC5-4FC4-AB2A-485920D4123A}.Release|Any CPU.ActiveCfg = Release|Any CPU
		{B9DD8EDD-EAC5-4FC4-AB2A-485920D4123A}.Release|Any CPU.Build.0 = Release|Any CPU
		{B9DD8EDD-EAC5-4FC4-AB2A-485920D4123A}.Release|x64.ActiveCfg = Release|Any CPU
		{B9DD8EDD-EAC5-4FC4-AB2A-485920D4123A}.Release|x64.Build.0 = Release|Any CPU
		{B9DD8EDD-EAC5-4FC4-AB2A-485920D4123A}.Release|x86.ActiveCfg = Release|Any CPU
		{B9DD8EDD-EAC5-4FC4-AB2A-485920D4123A}.Release|x86.Build.0 = Release|Any CPU
		{181F8BAF-C9C7-4995-A56C-E8D54B47045A}.Debug|Any CPU.ActiveCfg = Debug|Any CPU
		{181F8BAF-C9C7-4995-A56C-E8D54B47045A}.Debug|Any CPU.Build.0 = Debug|Any CPU
		{181F8BAF-C9C7-4995-A56C-E8D54B47045A}.Debug|x64.ActiveCfg = Debug|Any CPU
		{181F8BAF-C9C7-4995-A56C-E8D54B47045A}.Debug|x64.Build.0 = Debug|Any CPU
		{181F8BAF-C9C7-4995-A56C-E8D54B47045A}.Debug|x86.ActiveCfg = Debug|Any CPU
		{181F8BAF-C9C7-4995-A56C-E8D54B47045A}.Debug|x86.Build.0 = Debug|Any CPU
		{181F8BAF-C9C7-4995-A56C-E8D54B47045A}.Release|Any CPU.ActiveCfg = Release|Any CPU
		{181F8BAF-C9C7-4995-A56C-E8D54B47045A}.Release|Any CPU.Build.0 = Release|Any CPU
		{181F8BAF-C9C7-4995-A56C-E8D54B47045A}.Release|x64.ActiveCfg = Release|Any CPU
		{181F8BAF-C9C7-4995-A56C-E8D54B47045A}.Release|x64.Build.0 = Release|Any CPU
		{181F8BAF-C9C7-4995-A56C-E8D54B47045A}.Release|x86.ActiveCfg = Release|Any CPU
		{181F8BAF-C9C7-4995-A56C-E8D54B47045A}.Release|x86.Build.0 = Release|Any CPU
		{262BC51B-C848-4A6D-A89E-2BEC379D320B}.Debug|Any CPU.ActiveCfg = Debug|Any CPU
		{262BC51B-C848-4A6D-A89E-2BEC379D320B}.Debug|Any CPU.Build.0 = Debug|Any CPU
		{262BC51B-C848-4A6D-A89E-2BEC379D320B}.Debug|x64.ActiveCfg = Debug|Any CPU
		{262BC51B-C848-4A6D-A89E-2BEC379D320B}.Debug|x64.Build.0 = Debug|Any CPU
		{262BC51B-C848-4A6D-A89E-2BEC379D320B}.Debug|x86.ActiveCfg = Debug|Any CPU
		{262BC51B-C848-4A6D-A89E-2BEC379D320B}.Debug|x86.Build.0 = Debug|Any CPU
		{262BC51B-C848-4A6D-A89E-2BEC379D320B}.Release|Any CPU.ActiveCfg = Release|Any CPU
		{262BC51B-C848-4A6D-A89E-2BEC379D320B}.Release|Any CPU.Build.0 = Release|Any CPU
		{262BC51B-C848-4A6D-A89E-2BEC379D320B}.Release|x64.ActiveCfg = Release|Any CPU
		{262BC51B-C848-4A6D-A89E-2BEC379D320B}.Release|x64.Build.0 = Release|Any CPU
		{262BC51B-C848-4A6D-A89E-2BEC379D320B}.Release|x86.ActiveCfg = Release|Any CPU
		{262BC51B-C848-4A6D-A89E-2BEC379D320B}.Release|x86.Build.0 = Release|Any CPU
		{D92ED1FF-2A84-42E8-BC4F-B81EAF1B5567}.Debug|Any CPU.ActiveCfg = Debug|Any CPU
		{D92ED1FF-2A84-42E8-BC4F-B81EAF1B5567}.Debug|Any CPU.Build.0 = Debug|Any CPU
		{D92ED1FF-2A84-42E8-BC4F-B81EAF1B5567}.Debug|x64.ActiveCfg = Debug|Any CPU
		{D92ED1FF-2A84-42E8-BC4F-B81EAF1B5567}.Debug|x64.Build.0 = Debug|Any CPU
		{D92ED1FF-2A84-42E8-BC4F-B81EAF1B5567}.Debug|x86.ActiveCfg = Debug|Any CPU
		{D92ED1FF-2A84-42E8-BC4F-B81EAF1B5567}.Debug|x86.Build.0 = Debug|Any CPU
		{D92ED1FF-2A84-42E8-BC4F-B81EAF1B5567}.Release|Any CPU.ActiveCfg = Release|Any CPU
		{D92ED1FF-2A84-42E8-BC4F-B81EAF1B5567}.Release|Any CPU.Build.0 = Release|Any CPU
		{D92ED1FF-2A84-42E8-BC4F-B81EAF1B5567}.Release|x64.ActiveCfg = Release|Any CPU
		{D92ED1FF-2A84-42E8-BC4F-B81EAF1B5567}.Release|x64.Build.0 = Release|Any CPU
		{D92ED1FF-2A84-42E8-BC4F-B81EAF1B5567}.Release|x86.ActiveCfg = Release|Any CPU
		{D92ED1FF-2A84-42E8-BC4F-B81EAF1B5567}.Release|x86.Build.0 = Release|Any CPU
		{BE6E2517-F163-4690-936C-CE95BB9554A8}.Debug|Any CPU.ActiveCfg = Debug|Any CPU
		{BE6E2517-F163-4690-936C-CE95BB9554A8}.Debug|Any CPU.Build.0 = Debug|Any CPU
		{BE6E2517-F163-4690-936C-CE95BB9554A8}.Debug|x64.ActiveCfg = Debug|Any CPU
		{BE6E2517-F163-4690-936C-CE95BB9554A8}.Debug|x64.Build.0 = Debug|Any CPU
		{BE6E2517-F163-4690-936C-CE95BB9554A8}.Debug|x86.ActiveCfg = Debug|Any CPU
		{BE6E2517-F163-4690-936C-CE95BB9554A8}.Debug|x86.Build.0 = Debug|Any CPU
		{BE6E2517-F163-4690-936C-CE95BB9554A8}.Release|Any CPU.ActiveCfg = Release|Any CPU
		{BE6E2517-F163-4690-936C-CE95BB9554A8}.Release|Any CPU.Build.0 = Release|Any CPU
		{BE6E2517-F163-4690-936C-CE95BB9554A8}.Release|x64.ActiveCfg = Release|Any CPU
		{BE6E2517-F163-4690-936C-CE95BB9554A8}.Release|x64.Build.0 = Release|Any CPU
		{BE6E2517-F163-4690-936C-CE95BB9554A8}.Release|x86.ActiveCfg = Release|Any CPU
		{BE6E2517-F163-4690-936C-CE95BB9554A8}.Release|x86.Build.0 = Release|Any CPU
		{C5F9A659-F179-47A7-8763-3DB2557054B7}.Debug|Any CPU.ActiveCfg = Debug|Any CPU
		{C5F9A659-F179-47A7-8763-3DB2557054B7}.Debug|Any CPU.Build.0 = Debug|Any CPU
		{C5F9A659-F179-47A7-8763-3DB2557054B7}.Debug|x64.ActiveCfg = Debug|Any CPU
		{C5F9A659-F179-47A7-8763-3DB2557054B7}.Debug|x64.Build.0 = Debug|Any CPU
		{C5F9A659-F179-47A7-8763-3DB2557054B7}.Debug|x86.ActiveCfg = Debug|Any CPU
		{C5F9A659-F179-47A7-8763-3DB2557054B7}.Debug|x86.Build.0 = Debug|Any CPU
		{C5F9A659-F179-47A7-8763-3DB2557054B7}.Release|Any CPU.ActiveCfg = Release|Any CPU
		{C5F9A659-F179-47A7-8763-3DB2557054B7}.Release|Any CPU.Build.0 = Release|Any CPU
		{C5F9A659-F179-47A7-8763-3DB2557054B7}.Release|x64.ActiveCfg = Release|Any CPU
		{C5F9A659-F179-47A7-8763-3DB2557054B7}.Release|x64.Build.0 = Release|Any CPU
		{C5F9A659-F179-47A7-8763-3DB2557054B7}.Release|x86.ActiveCfg = Release|Any CPU
		{C5F9A659-F179-47A7-8763-3DB2557054B7}.Release|x86.Build.0 = Release|Any CPU
		{88FA6284-5DEA-4886-992D-AA76AB57BB82}.Debug|Any CPU.ActiveCfg = Debug|Any CPU
		{88FA6284-5DEA-4886-992D-AA76AB57BB82}.Debug|Any CPU.Build.0 = Debug|Any CPU
		{88FA6284-5DEA-4886-992D-AA76AB57BB82}.Debug|x64.ActiveCfg = Debug|Any CPU
		{88FA6284-5DEA-4886-992D-AA76AB57BB82}.Debug|x64.Build.0 = Debug|Any CPU
		{88FA6284-5DEA-4886-992D-AA76AB57BB82}.Debug|x86.ActiveCfg = Debug|Any CPU
		{88FA6284-5DEA-4886-992D-AA76AB57BB82}.Debug|x86.Build.0 = Debug|Any CPU
		{88FA6284-5DEA-4886-992D-AA76AB57BB82}.Release|Any CPU.ActiveCfg = Release|Any CPU
		{88FA6284-5DEA-4886-992D-AA76AB57BB82}.Release|Any CPU.Build.0 = Release|Any CPU
		{88FA6284-5DEA-4886-992D-AA76AB57BB82}.Release|x64.ActiveCfg = Release|Any CPU
		{88FA6284-5DEA-4886-992D-AA76AB57BB82}.Release|x64.Build.0 = Release|Any CPU
		{88FA6284-5DEA-4886-992D-AA76AB57BB82}.Release|x86.ActiveCfg = Release|Any CPU
		{88FA6284-5DEA-4886-992D-AA76AB57BB82}.Release|x86.Build.0 = Release|Any CPU
		{6E1EE526-E0BB-4259-BCE0-2E5C6EE8C529}.Debug|Any CPU.ActiveCfg = Debug|Any CPU
		{6E1EE526-E0BB-4259-BCE0-2E5C6EE8C529}.Debug|Any CPU.Build.0 = Debug|Any CPU
		{6E1EE526-E0BB-4259-BCE0-2E5C6EE8C529}.Debug|x64.ActiveCfg = Debug|Any CPU
		{6E1EE526-E0BB-4259-BCE0-2E5C6EE8C529}.Debug|x64.Build.0 = Debug|Any CPU
		{6E1EE526-E0BB-4259-BCE0-2E5C6EE8C529}.Debug|x86.ActiveCfg = Debug|Any CPU
		{6E1EE526-E0BB-4259-BCE0-2E5C6EE8C529}.Debug|x86.Build.0 = Debug|Any CPU
		{6E1EE526-E0BB-4259-BCE0-2E5C6EE8C529}.Release|Any CPU.ActiveCfg = Release|Any CPU
		{6E1EE526-E0BB-4259-BCE0-2E5C6EE8C529}.Release|Any CPU.Build.0 = Release|Any CPU
		{6E1EE526-E0BB-4259-BCE0-2E5C6EE8C529}.Release|x64.ActiveCfg = Release|Any CPU
		{6E1EE526-E0BB-4259-BCE0-2E5C6EE8C529}.Release|x64.Build.0 = Release|Any CPU
		{6E1EE526-E0BB-4259-BCE0-2E5C6EE8C529}.Release|x86.ActiveCfg = Release|Any CPU
		{6E1EE526-E0BB-4259-BCE0-2E5C6EE8C529}.Release|x86.Build.0 = Release|Any CPU
		{47E7E9F9-48E4-4AD5-9C63-3806861CD0CF}.Debug|Any CPU.ActiveCfg = Debug|Any CPU
		{47E7E9F9-48E4-4AD5-9C63-3806861CD0CF}.Debug|Any CPU.Build.0 = Debug|Any CPU
		{47E7E9F9-48E4-4AD5-9C63-3806861CD0CF}.Debug|x64.ActiveCfg = Debug|Any CPU
		{47E7E9F9-48E4-4AD5-9C63-3806861CD0CF}.Debug|x64.Build.0 = Debug|Any CPU
		{47E7E9F9-48E4-4AD5-9C63-3806861CD0CF}.Debug|x86.ActiveCfg = Debug|Any CPU
		{47E7E9F9-48E4-4AD5-9C63-3806861CD0CF}.Debug|x86.Build.0 = Debug|Any CPU
		{47E7E9F9-48E4-4AD5-9C63-3806861CD0CF}.Release|Any CPU.ActiveCfg = Release|Any CPU
		{47E7E9F9-48E4-4AD5-9C63-3806861CD0CF}.Release|Any CPU.Build.0 = Release|Any CPU
		{47E7E9F9-48E4-4AD5-9C63-3806861CD0CF}.Release|x64.ActiveCfg = Release|Any CPU
		{47E7E9F9-48E4-4AD5-9C63-3806861CD0CF}.Release|x64.Build.0 = Release|Any CPU
		{47E7E9F9-48E4-4AD5-9C63-3806861CD0CF}.Release|x86.ActiveCfg = Release|Any CPU
		{47E7E9F9-48E4-4AD5-9C63-3806861CD0CF}.Release|x86.Build.0 = Release|Any CPU
		{CFA08095-C4FD-4766-9732-7862893B3C64}.Debug|Any CPU.ActiveCfg = Debug|Any CPU
		{CFA08095-C4FD-4766-9732-7862893B3C64}.Debug|Any CPU.Build.0 = Debug|Any CPU
		{CFA08095-C4FD-4766-9732-7862893B3C64}.Debug|x64.ActiveCfg = Debug|Any CPU
		{CFA08095-C4FD-4766-9732-7862893B3C64}.Debug|x64.Build.0 = Debug|Any CPU
		{CFA08095-C4FD-4766-9732-7862893B3C64}.Debug|x86.ActiveCfg = Debug|Any CPU
		{CFA08095-C4FD-4766-9732-7862893B3C64}.Debug|x86.Build.0 = Debug|Any CPU
		{CFA08095-C4FD-4766-9732-7862893B3C64}.Release|Any CPU.ActiveCfg = Release|Any CPU
		{CFA08095-C4FD-4766-9732-7862893B3C64}.Release|Any CPU.Build.0 = Release|Any CPU
		{CFA08095-C4FD-4766-9732-7862893B3C64}.Release|x64.ActiveCfg = Release|Any CPU
		{CFA08095-C4FD-4766-9732-7862893B3C64}.Release|x64.Build.0 = Release|Any CPU
		{CFA08095-C4FD-4766-9732-7862893B3C64}.Release|x86.ActiveCfg = Release|Any CPU
		{CFA08095-C4FD-4766-9732-7862893B3C64}.Release|x86.Build.0 = Release|Any CPU
	EndGlobalSection
	GlobalSection(SolutionProperties) = preSolution
		HideSolutionNode = FALSE
	EndGlobalSection
	GlobalSection(NestedProjects) = preSolution
		{A665F173-8577-40A7-BB1A-1EEEB0C9F558} = {827E0CD3-B72D-47B6-A68D-7590B98EB39B}
		{05ECA752-71A2-4BD8-9F53-79AEBBCCBC95} = {827E0CD3-B72D-47B6-A68D-7590B98EB39B}
		{FEFCAB1B-4525-45DC-8AF1-BD0F2B106CD9} = {827E0CD3-B72D-47B6-A68D-7590B98EB39B}
		{797129B7-6F84-4FBB-BA58-791AE57E88FF} = {827E0CD3-B72D-47B6-A68D-7590B98EB39B}
		{8D6ABEBB-FA9F-4B2D-BAA1-BD53C310012C} = {827E0CD3-B72D-47B6-A68D-7590B98EB39B}
		{B9DD8EDD-EAC5-4FC4-AB2A-485920D4123A} = {827E0CD3-B72D-47B6-A68D-7590B98EB39B}
		{181F8BAF-C9C7-4995-A56C-E8D54B47045A} = {0AB3BF05-4346-4AA6-1389-037BE0695223}
		{262BC51B-C848-4A6D-A89E-2BEC379D320B} = {0AB3BF05-4346-4AA6-1389-037BE0695223}
		{D92ED1FF-2A84-42E8-BC4F-B81EAF1B5567} = {0AB3BF05-4346-4AA6-1389-037BE0695223}
		{BE6E2517-F163-4690-936C-CE95BB9554A8} = {0AB3BF05-4346-4AA6-1389-037BE0695223}
		{C5F9A659-F179-47A7-8763-3DB2557054B7} = {0AB3BF05-4346-4AA6-1389-037BE0695223}
		{88FA6284-5DEA-4886-992D-AA76AB57BB82} = {827E0CD3-B72D-47B6-A68D-7590B98EB39B}
		{6E1EE526-E0BB-4259-BCE0-2E5C6EE8C529} = {827E0CD3-B72D-47B6-A68D-7590B98EB39B}
		{47E7E9F9-48E4-4AD5-9C63-3806861CD0CF} = {0AB3BF05-4346-4AA6-1389-037BE0695223}
		{CFA08095-C4FD-4766-9732-7862893B3C64} = {0AB3BF05-4346-4AA6-1389-037BE0695223}
	EndGlobalSection
EndGlobal
